
Microsoft Visual Studio Solution File, Format Version 12.00
# Visual Studio Version 16
VisualStudioVersion = 16.0.29411.108
MinimumVisualStudioVersion = 10.0.40219.1
Project("{FAE04EC0-301F-11D3-BF4B-00C04F79EFBC}") = "Banking Operation", "Banking Operation.csproj", "{2406BB73-3B06-4617-8D4E-EAF3513E38E2}"
EndProject
Global
	GlobalSection(SolutionConfigurationPlatforms) = preSolution
		Debug|Any CPU = Debug|Any CPU
		Release|Any CPU = Release|Any CPU
	EndGlobalSection
	GlobalSection(ProjectConfigurationPlatforms) = postSolution
		{2406BB73-3B06-4617-8D4E-EAF3513E38E2}.Debug|Any CPU.ActiveCfg = Debug|Any CPU
		{2406BB73-3B06-4617-8D4E-EAF3513E38E2}.Debug|Any CPU.Build.0 = Debug|Any CPU
		{2406BB73-3B06-4617-8D4E-EAF3513E38E2}.Release|Any CPU.ActiveCfg = Release|Any CPU
		{2406BB73-3B06-4617-8D4E-EAF3513E38E2}.Release|Any CPU.Build.0 = Release|Any CPU
	EndGlobalSection
	GlobalSection(SolutionProperties) = preSolution
		HideSolutionNode = FALSE
	EndGlobalSection
	GlobalSection(ExtensibilityGlobals) = postSolution
		SolutionGuid = {E507F21A-A357-4D2D-AC40-105A1BBA6D14}
	EndGlobalSection
EndGlobal
